// !$*UTF8*$!
{
	archiveVersion = 1;
	classes = {
	};
	objectVersion = 48;
	objects = {

/* Begin PBXBuildFile section */
		F728B87A208E1E9700B9819E /* DateExtension.swift in Sources */ = {isa = PBXBuildFile; fileRef = F728B879208E1E9700B9819E /* DateExtension.swift */; };
		F754820D2084CEE700E2B924 /* Event.swift in Sources */ = {isa = PBXBuildFile; fileRef = F754820C2084CEE700E2B924 /* Event.swift */; };
		F754820F2084DCF700E2B924 /* EventTableViewCell.swift in Sources */ = {isa = PBXBuildFile; fileRef = F754820E2084DCF700E2B924 /* EventTableViewCell.swift */; };
		F77DC7A62085F6EE008A21F8 /* EventDetailTableViewController.swift in Sources */ = {isa = PBXBuildFile; fileRef = F77DC7A52085F6EE008A21F8 /* EventDetailTableViewController.swift */; };
		F7AE9152209700B7005E06B8 /* EventDetailDatePickerCell.swift in Sources */ = {isa = PBXBuildFile; fileRef = F7AE9151209700B7005E06B8 /* EventDetailDatePickerCell.swift */; };
		F7AF3B872091B4E1002DCF40 /* EventDetailAlldaySwitchCell.swift in Sources */ = {isa = PBXBuildFile; fileRef = F7AF3B862091B4E1002DCF40 /* EventDetailAlldaySwitchCell.swift */; };
		F7AF3B892091B578002DCF40 /* EventDetailDateCell.swift in Sources */ = {isa = PBXBuildFile; fileRef = F7AF3B882091B578002DCF40 /* EventDetailDateCell.swift */; };
		F7BB87E1208F1B7C00577150 /* EventDetailTextCell.swift in Sources */ = {isa = PBXBuildFile; fileRef = F7BB87E0208F1B7C00577150 /* EventDetailTextCell.swift */; };
		F7F3118E20600C980019A496 /* AppDelegate.swift in Sources */ = {isa = PBXBuildFile; fileRef = F7F3118D20600C980019A496 /* AppDelegate.swift */; };
		F7F3119020600C980019A496 /* EventTableViewController.swift in Sources */ = {isa = PBXBuildFile; fileRef = F7F3118F20600C980019A496 /* EventTableViewController.swift */; };
		F7F3119320600C980019A496 /* Main.storyboard in Resources */ = {isa = PBXBuildFile; fileRef = F7F3119120600C980019A496 /* Main.storyboard */; };
		F7F3119520600C980019A496 /* Assets.xcassets in Resources */ = {isa = PBXBuildFile; fileRef = F7F3119420600C980019A496 /* Assets.xcassets */; };
		F7F3119820600C980019A496 /* LaunchScreen.storyboard in Resources */ = {isa = PBXBuildFile; fileRef = F7F3119620600C980019A496 /* LaunchScreen.storyboard */; };
		F7F311A320600C980019A496 /* secondAppTests.swift in Sources */ = {isa = PBXBuildFile; fileRef = F7F311A220600C980019A496 /* secondAppTests.swift */; };
/* End PBXBuildFile section */

/* Begin PBXContainerItemProxy section */
		F7F3119F20600C980019A496 /* PBXContainerItemProxy */ = {
			isa = PBXContainerItemProxy;
			containerPortal = F7F3118220600C980019A496 /* Project object */;
			proxyType = 1;
			remoteGlobalIDString = F7F3118920600C980019A496;
			remoteInfo = secondApp;
		};
/* End PBXContainerItemProxy section */

/* Begin PBXFileReference section */
		F728B879208E1E9700B9819E /* DateExtension.swift */ = {isa = PBXFileReference; lastKnownFileType = sourcecode.swift; path = DateExtension.swift; sourceTree = "<group>"; };
		F754820C2084CEE700E2B924 /* Event.swift */ = {isa = PBXFileReference; lastKnownFileType = sourcecode.swift; path = Event.swift; sourceTree = "<group>"; };
		F754820E2084DCF700E2B924 /* EventTableViewCell.swift */ = {isa = PBXFileReference; lastKnownFileType = sourcecode.swift; path = EventTableViewCell.swift; sourceTree = "<group>"; };
		F77DC7A52085F6EE008A21F8 /* EventDetailTableViewController.swift */ = {isa = PBXFileReference; lastKnownFileType = sourcecode.swift; path = EventDetailTableViewController.swift; sourceTree = "<group>"; };
		F7AE9151209700B7005E06B8 /* EventDetailDatePickerCell.swift */ = {isa = PBXFileReference; lastKnownFileType = sourcecode.swift; path = EventDetailDatePickerCell.swift; sourceTree = "<group>"; };
		F7AF3B862091B4E1002DCF40 /* EventDetailAlldaySwitchCell.swift */ = {isa = PBXFileReference; lastKnownFileType = sourcecode.swift; path = EventDetailAlldaySwitchCell.swift; sourceTree = "<group>"; };
		F7AF3B882091B578002DCF40 /* EventDetailDateCell.swift */ = {isa = PBXFileReference; lastKnownFileType = sourcecode.swift; path = EventDetailDateCell.swift; sourceTree = "<group>"; };
		F7BB87E0208F1B7C00577150 /* EventDetailTextCell.swift */ = {isa = PBXFileReference; lastKnownFileType = sourcecode.swift; path = EventDetailTextCell.swift; sourceTree = "<group>"; };
		F7F3118A20600C980019A496 /* secondApp.app */ = {isa = PBXFileReference; explicitFileType = wrapper.application; includeInIndex = 0; path = secondApp.app; sourceTree = BUILT_PRODUCTS_DIR; };
		F7F3118D20600C980019A496 /* AppDelegate.swift */ = {isa = PBXFileReference; lastKnownFileType = sourcecode.swift; path = AppDelegate.swift; sourceTree = "<group>"; };
		F7F3118F20600C980019A496 /* EventTableViewController.swift */ = {isa = PBXFileReference; lastKnownFileType = sourcecode.swift; path = EventTableViewController.swift; sourceTree = "<group>"; };
		F7F3119220600C980019A496 /* Base */ = {isa = PBXFileReference; lastKnownFileType = file.storyboard; name = Base; path = Base.lproj/Main.storyboard; sourceTree = "<group>"; };
		F7F3119420600C980019A496 /* Assets.xcassets */ = {isa = PBXFileReference; lastKnownFileType = folder.assetcatalog; path = Assets.xcassets; sourceTree = "<group>"; };
		F7F3119720600C980019A496 /* Base */ = {isa = PBXFileReference; lastKnownFileType = file.storyboard; name = Base; path = Base.lproj/LaunchScreen.storyboard; sourceTree = "<group>"; };
		F7F3119920600C980019A496 /* Info.plist */ = {isa = PBXFileReference; lastKnownFileType = text.plist.xml; path = Info.plist; sourceTree = "<group>"; };
		F7F3119E20600C980019A496 /* secondAppTests.xctest */ = {isa = PBXFileReference; explicitFileType = wrapper.cfbundle; includeInIndex = 0; path = secondAppTests.xctest; sourceTree = BUILT_PRODUCTS_DIR; };
		F7F311A220600C980019A496 /* secondAppTests.swift */ = {isa = PBXFileReference; lastKnownFileType = sourcecode.swift; path = secondAppTests.swift; sourceTree = "<group>"; };
		F7F311A420600C980019A496 /* Info.plist */ = {isa = PBXFileReference; lastKnownFileType = text.plist.xml; path = Info.plist; sourceTree = "<group>"; };
/* End PBXFileReference section */

/* Begin PBXFrameworksBuildPhase section */
		F7F3118720600C980019A496 /* Frameworks */ = {
			isa = PBXFrameworksBuildPhase;
			buildActionMask = 2147483647;
			files = (
			);
			runOnlyForDeploymentPostprocessing = 0;
		};
		F7F3119B20600C980019A496 /* Frameworks */ = {
			isa = PBXFrameworksBuildPhase;
			buildActionMask = 2147483647;
			files = (
			);
			runOnlyForDeploymentPostprocessing = 0;
		};
/* End PBXFrameworksBuildPhase section */

/* Begin PBXGroup section */
		F7F3118120600C980019A496 = {
			isa = PBXGroup;
			children = (
				F7F3118C20600C980019A496 /* secondApp */,
				F7F311A120600C980019A496 /* secondAppTests */,
				F7F3118B20600C980019A496 /* Products */,
			);
			sourceTree = "<group>";
		};
		F7F3118B20600C980019A496 /* Products */ = {
			isa = PBXGroup;
			children = (
				F7F3118A20600C980019A496 /* secondApp.app */,
				F7F3119E20600C980019A496 /* secondAppTests.xctest */,
			);
			name = Products;
			sourceTree = "<group>";
		};
		F7F3118C20600C980019A496 /* secondApp */ = {
			isa = PBXGroup;
			children = (
				F7F3118D20600C980019A496 /* AppDelegate.swift */,
				F728B879208E1E9700B9819E /* DateExtension.swift */,
				F754820C2084CEE700E2B924 /* Event.swift */,
				F7F3118F20600C980019A496 /* EventTableViewController.swift */,
				F754820E2084DCF700E2B924 /* EventTableViewCell.swift */,
				F77DC7A52085F6EE008A21F8 /* EventDetailTableViewController.swift */,
				F7BB87E0208F1B7C00577150 /* EventDetailTextCell.swift */,
				F7AF3B862091B4E1002DCF40 /* EventDetailAlldaySwitchCell.swift */,
				F7AF3B882091B578002DCF40 /* EventDetailDateCell.swift */,
				F7AE9151209700B7005E06B8 /* EventDetailDatePickerCell.swift */,
				F7F3119120600C980019A496 /* Main.storyboard */,
				F7F3119420600C980019A496 /* Assets.xcassets */,
				F7F3119620600C980019A496 /* LaunchScreen.storyboard */,
				F7F3119920600C980019A496 /* Info.plist */,
			);
			path = secondApp;
			sourceTree = "<group>";
		};
		F7F311A120600C980019A496 /* secondAppTests */ = {
			isa = PBXGroup;
			children = (
				F7F311A220600C980019A496 /* secondAppTests.swift */,
				F7F311A420600C980019A496 /* Info.plist */,
			);
			path = secondAppTests;
			sourceTree = "<group>";
		};
/* End PBXGroup section */

/* Begin PBXNativeTarget section */
		F7F3118920600C980019A496 /* secondApp */ = {
			isa = PBXNativeTarget;
			buildConfigurationList = F7F311A720600C980019A496 /* Build configuration list for PBXNativeTarget "secondApp" */;
			buildPhases = (
				F7F3118620600C980019A496 /* Sources */,
				F7F3118720600C980019A496 /* Frameworks */,
				F7F3118820600C980019A496 /* Resources */,
			);
			buildRules = (
			);
			dependencies = (
			);
			name = secondApp;
			productName = secondApp;
			productReference = F7F3118A20600C980019A496 /* secondApp.app */;
			productType = "com.apple.product-type.application";
		};
		F7F3119D20600C980019A496 /* secondAppTests */ = {
			isa = PBXNativeTarget;
			buildConfigurationList = F7F311AA20600C980019A496 /* Build configuration list for PBXNativeTarget "secondAppTests" */;
			buildPhases = (
				F7F3119A20600C980019A496 /* Sources */,
				F7F3119B20600C980019A496 /* Frameworks */,
				F7F3119C20600C980019A496 /* Resources */,
			);
			buildRules = (
			);
			dependencies = (
				F7F311A020600C980019A496 /* PBXTargetDependency */,
			);
			name = secondAppTests;
			productName = secondAppTests;
			productReference = F7F3119E20600C980019A496 /* secondAppTests.xctest */;
			productType = "com.apple.product-type.bundle.unit-test";
		};
/* End PBXNativeTarget section */

/* Begin PBXProject section */
		F7F3118220600C980019A496 /* Project object */ = {
			isa = PBXProject;
			attributes = {
				LastSwiftUpdateCheck = 0920;
				LastUpgradeCheck = 0920;
				ORGANIZATIONNAME = "Nele Müller";
				TargetAttributes = {
					F7F3118920600C980019A496 = {
						CreatedOnToolsVersion = 9.2;
						ProvisioningStyle = Automatic;
					};
					F7F3119D20600C980019A496 = {
						CreatedOnToolsVersion = 9.2;
						ProvisioningStyle = Automatic;
						TestTargetID = F7F3118920600C980019A496;
					};
				};
			};
			buildConfigurationList = F7F3118520600C980019A496 /* Build configuration list for PBXProject "secondApp" */;
			compatibilityVersion = "Xcode 8.0";
			developmentRegion = en;
			hasScannedForEncodings = 0;
			knownRegions = (
				en,
				Base,
			);
			mainGroup = F7F3118120600C980019A496;
			productRefGroup = F7F3118B20600C980019A496 /* Products */;
			projectDirPath = "";
			projectRoot = "";
			targets = (
				F7F3118920600C980019A496 /* secondApp */,
				F7F3119D20600C980019A496 /* secondAppTests */,
			);
		};
/* End PBXProject section */

/* Begin PBXResourcesBuildPhase section */
		F7F3118820600C980019A496 /* Resources */ = {
			isa = PBXResourcesBuildPhase;
			buildActionMask = 2147483647;
			files = (
				F7F3119820600C980019A496 /* LaunchScreen.storyboard in Resources */,
				F7F3119520600C980019A496 /* Assets.xcassets in Resources */,
				F7F3119320600C980019A496 /* Main.storyboard in Resources */,
			);
			runOnlyForDeploymentPostprocessing = 0;
		};
		F7F3119C20600C980019A496 /* Resources */ = {
			isa = PBXResourcesBuildPhase;
			buildActionMask = 2147483647;
			files = (
			);
			runOnlyForDeploymentPostprocessing = 0;
		};
/* End PBXResourcesBuildPhase section */

/* Begin PBXSourcesBuildPhase section */
		F7F3118620600C980019A496 /* Sources */ = {
			isa = PBXSourcesBuildPhase;
			buildActionMask = 2147483647;
			files = (
				F77DC7A62085F6EE008A21F8 /* EventDetailTableViewController.swift in Sources */,
				F728B87A208E1E9700B9819E /* DateExtension.swift in Sources */,
				F7AF3B872091B4E1002DCF40 /* EventDetailAlldaySwitchCell.swift in Sources */,
				F7BB87E1208F1B7C00577150 /* EventDetailTextCell.swift in Sources */,
				F754820F2084DCF700E2B924 /* EventTableViewCell.swift in Sources */,
				F7AF3B892091B578002DCF40 /* EventDetailDateCell.swift in Sources */,
				F7F3119020600C980019A496 /* EventTableViewController.swift in Sources */,
				F754820D2084CEE700E2B924 /* Event.swift in Sources */,
				F7F3118E20600C980019A496 /* AppDelegate.swift in Sources */,
				F7AE9152209700B7005E06B8 /* EventDetailDatePickerCell.swift in Sources */,
			);
			runOnlyForDeploymentPostprocessing = 0;
		};
		F7F3119A20600C980019A496 /* Sources */ = {
			isa = PBXSourcesBuildPhase;
			buildActionMask = 2147483647;
			files = (
				F7F311A320600C980019A496 /* secondAppTests.swift in Sources */,
			);
			runOnlyForDeploymentPostprocessing = 0;
		};
/* End PBXSourcesBuildPhase section */

/* Begin PBXTargetDependency section */
		F7F311A020600C980019A496 /* PBXTargetDependency */ = {
			isa = PBXTargetDependency;
			target = F7F3118920600C980019A496 /* secondApp */;
			targetProxy = F7F3119F20600C980019A496 /* PBXContainerItemProxy */;
		};
/* End PBXTargetDependency section */

/* Begin PBXVariantGroup section */
		F7F3119120600C980019A496 /* Main.storyboard */ = {
			isa = PBXVariantGroup;
			children = (
				F7F3119220600C980019A496 /* Base */,
			);
			name = Main.storyboard;
			sourceTree = "<group>";
		};
		F7F3119620600C980019A496 /* LaunchScreen.storyboard */ = {
			isa = PBXVariantGroup;
			children = (
				F7F3119720600C980019A496 /* Base */,
			);
			name = LaunchScreen.storyboard;
			sourceTree = "<group>";
		};
/* End PBXVariantGroup section */

/* Begin XCBuildConfiguration section */
		F7F311A520600C980019A496 /* Debug */ = {
			isa = XCBuildConfiguration;
			buildSettings = {
				ALWAYS_SEARCH_USER_PATHS = NO;
				CLANG_ANALYZER_NONNULL = YES;
				CLANG_ANALYZER_NUMBER_OBJECT_CONVERSION = YES_AGGRESSIVE;
				CLANG_CXX_LANGUAGE_STANDARD = "gnu++14";
				CLANG_CXX_LIBRARY = "libc++";
				CLANG_ENABLE_MODULES = YES;
				CLANG_ENABLE_OBJC_ARC = YES;
				CLANG_WARN_BLOCK_CAPTURE_AUTORELEASING = YES;
				CLANG_WARN_BOOL_CONVERSION = YES;
				CLANG_WARN_COMMA = YES;
				CLANG_WARN_CONSTANT_CONVERSION = YES;
				CLANG_WARN_DIRECT_OBJC_ISA_USAGE = YES_ERROR;
				CLANG_WARN_DOCUMENTATION_COMMENTS = YES;
				CLANG_WARN_EMPTY_BODY = YES;
				CLANG_WARN_ENUM_CONVERSION = YES;
				CLANG_WARN_INFINITE_RECURSION = YES;
				CLANG_WARN_INT_CONVERSION = YES;
				CLANG_WARN_NON_LITERAL_NULL_CONVERSION = YES;
				CLANG_WARN_OBJC_LITERAL_CONVERSION = YES;
				CLANG_WARN_OBJC_ROOT_CLASS = YES_ERROR;
				CLANG_WARN_RANGE_LOOP_ANALYSIS = YES;
				CLANG_WARN_STRICT_PROTOTYPES = YES;
				CLANG_WARN_SUSPICIOUS_MOVE = YES;
				CLANG_WARN_UNGUARDED_AVAILABILITY = YES_AGGRESSIVE;
				CLANG_WARN_UNREACHABLE_CODE = YES;
				CLANG_WARN__DUPLICATE_METHOD_MATCH = YES;
				CODE_SIGN_IDENTITY = "iPhone Developer";
				COPY_PHASE_STRIP = NO;
				DEBUG_INFORMATION_FORMAT = dwarf;
				ENABLE_STRICT_OBJC_MSGSEND = YES;
				ENABLE_TESTABILITY = YES;
				GCC_C_LANGUAGE_STANDARD = gnu11;
				GCC_DYNAMIC_NO_PIC = NO;
				GCC_NO_COMMON_BLOCKS = YES;
				GCC_OPTIMIZATION_LEVEL = 0;
				GCC_PREPROCESSOR_DEFINITIONS = (
					"DEBUG=1",
					"$(inherited)",
				);
				GCC_WARN_64_TO_32_BIT_CONVERSION = YES;
				GCC_WARN_ABOUT_RETURN_TYPE = YES_ERROR;
				GCC_WARN_UNDECLARED_SELECTOR = YES;
				GCC_WARN_UNINITIALIZED_AUTOS = YES_AGGRESSIVE;
				GCC_WARN_UNUSED_FUNCTION = YES;
				GCC_WARN_UNUSED_VARIABLE = YES;
				IPHONEOS_DEPLOYMENT_TARGET = 11.2;
				MTL_ENABLE_DEBUG_INFO = YES;
				ONLY_ACTIVE_ARCH = YES;
				SDKROOT = iphoneos;
				SWIFT_ACTIVE_COMPILATION_CONDITIONS = DEBUG;
				SWIFT_OPTIMIZATION_LEVEL = "-Onone";
			};
			name = Debug;
		};
		F7F311A620600C980019A496 /* Release */ = {
			isa = XCBuildConfiguration;
			buildSettings = {
				ALWAYS_SEARCH_USER_PATHS = NO;
				CLANG_ANALYZER_NONNULL = YES;
				CLANG_ANALYZER_NUMBER_OBJECT_CONVERSION = YES_AGGRESSIVE;
				CLANG_CXX_LANGUAGE_STANDARD = "gnu++14";
				CLANG_CXX_LIBRARY = "libc++";
				CLANG_ENABLE_MODULES = YES;
				CLANG_ENABLE_OBJC_ARC = YES;
				CLANG_WARN_BLOCK_CAPTURE_AUTORELEASING = YES;
				CLANG_WARN_BOOL_CONVERSION = YES;
				CLANG_WARN_COMMA = YES;
				CLANG_WARN_CONSTANT_CONVERSION = YES;
				CLANG_WARN_DIRECT_OBJC_ISA_USAGE = YES_ERROR;
				CLANG_WARN_DOCUMENTATION_COMMENTS = YES;
				CLANG_WARN_EMPTY_BODY = YES;
				CLANG_WARN_ENUM_CONVERSION = YES;
				CLANG_WARN_INFINITE_RECURSION = YES;
				CLANG_WARN_INT_CONVERSION = YES;
				CLANG_WARN_NON_LITERAL_NULL_CONVERSION = YES;
				CLANG_WARN_OBJC_LITERAL_CONVERSION = YES;
				CLANG_WARN_OBJC_ROOT_CLASS = YES_ERROR;
				CLANG_WARN_RANGE_LOOP_ANALYSIS = YES;
				CLANG_WARN_STRICT_PROTOTYPES = YES;
				CLANG_WARN_SUSPICIOUS_MOVE = YES;
				CLANG_WARN_UNGUARDED_AVAILABILITY = YES_AGGRESSIVE;
				CLANG_WARN_UNREACHABLE_CODE = YES;
				CLANG_WARN__DUPLICATE_METHOD_MATCH = YES;
				CODE_SIGN_IDENTITY = "iPhone Developer";
				COPY_PHASE_STRIP = NO;
				DEBUG_INFORMATION_FORMAT = "dwarf-with-dsym";
				ENABLE_NS_ASSERTIONS = NO;
				ENABLE_STRICT_OBJC_MSGSEND = YES;
				GCC_C_LANGUAGE_STANDARD = gnu11;
				GCC_NO_COMMON_BLOCKS = YES;
				GCC_WARN_64_TO_32_BIT_CONVERSION = YES;
				GCC_WARN_ABOUT_RETURN_TYPE = YES_ERROR;
				GCC_WARN_UNDECLARED_SELECTOR = YES;
				GCC_WARN_UNINITIALIZED_AUTOS = YES_AGGRESSIVE;
				GCC_WARN_UNUSED_FUNCTION = YES;
				GCC_WARN_UNUSED_VARIABLE = YES;
				IPHONEOS_DEPLOYMENT_TARGET = 11.2;
				MTL_ENABLE_DEBUG_INFO = NO;
				SDKROOT = iphoneos;
				SWIFT_OPTIMIZATION_LEVEL = "-Owholemodule";
				VALIDATE_PRODUCT = YES;
			};
			name = Release;
		};
		F7F311A820600C980019A496 /* Debug */ = {
			isa = XCBuildConfiguration;
			buildSettings = {
				ASSETCATALOG_COMPILER_APPICON_NAME = AppIcon;
				CODE_SIGN_STYLE = Automatic;
				INFOPLIST_FILE = secondApp/Info.plist;
				LD_RUNPATH_SEARCH_PATHS = "$(inherited) @executable_path/Frameworks";
				PRODUCT_BUNDLE_IDENTIFIER = com.example.secondApp;
				PRODUCT_NAME = "$(TARGET_NAME)";
				SWIFT_VERSION = 4.0;
				TARGETED_DEVICE_FAMILY = "1,2";
			};
			name = Debug;
		};
		F7F311A920600C980019A496 /* Release */ = {
			isa = XCBuildConfiguration;
			buildSettings = {
				ASSETCATALOG_COMPILER_APPICON_NAME = AppIcon;
				CODE_SIGN_STYLE = Automatic;
				INFOPLIST_FILE = secondApp/Info.plist;
				LD_RUNPATH_SEARCH_PATHS = "$(inherited) @executable_path/Frameworks";
				PRODUCT_BUNDLE_IDENTIFIER = com.example.secondApp;
				PRODUCT_NAME = "$(TARGET_NAME)";
				SWIFT_VERSION = 4.0;
				TARGETED_DEVICE_FAMILY = "1,2";
			};
			name = Release;
		};
		F7F311AB20600C980019A496 /* Debug */ = {
			isa = XCBuildConfiguration;
			buildSettings = {
				ALWAYS_EMBED_SWIFT_STANDARD_LIBRARIES = YES;
				BUNDLE_LOADER = "$(TEST_HOST)";
				CODE_SIGN_STYLE = Automatic;
				INFOPLIST_FILE = secondAppTests/Info.plist;
				LD_RUNPATH_SEARCH_PATHS = "$(inherited) @executable_path/Frameworks @loader_path/Frameworks";
				PRODUCT_BUNDLE_IDENTIFIER = com.example.secondAppTests;
				PRODUCT_NAME = "$(TARGET_NAME)";
				SWIFT_VERSION = 4.0;
				TARGETED_DEVICE_FAMILY = "1,2";
				TEST_HOST = "$(BUILT_PRODUCTS_DIR)/secondApp.app/secondApp";
			};
			name = Debug;
		};
		F7F311AC20600C980019A496 /* Release */ = {
			isa = XCBuildConfiguration;
			buildSettings = {
				ALWAYS_EMBED_SWIFT_STANDARD_LIBRARIES = YES;
				BUNDLE_LOADER = "$(TEST_HOST)";
				CODE_SIGN_STYLE = Automatic;
				INFOPLIST_FILE = secondAppTests/Info.plist;
				LD_RUNPATH_SEARCH_PATHS = "$(inherited) @executable_path/Frameworks @loader_path/Frameworks";
				PRODUCT_BUNDLE_IDENTIFIER = com.example.secondAppTests;
				PRODUCT_NAME = "$(TARGET_NAME)";
				SWIFT_VERSION = 4.0;
				TARGETED_DEVICE_FAMILY = "1,2";
				TEST_HOST = "$(BUILT_PRODUCTS_DIR)/secondApp.app/secondApp";
			};
			name = Release;
		};
/* End XCBuildConfiguration section */

/* Begin XCConfigurationList section */
		F7F3118520600C980019A496 /* Build configuration list for PBXProject "secondApp" */ = {
			isa = XCConfigurationList;
			buildConfigurations = (
				F7F311A520600C980019A496 /* Debug */,
				F7F311A620600C980019A496 /* Release */,
			);
			defaultConfigurationIsVisible = 0;
			defaultConfigurationName = Release;
		};
		F7F311A720600C980019A496 /* Build configuration list for PBXNativeTarget "secondApp" */ = {
			isa = XCConfigurationList;
			buildConfigurations = (
				F7F311A820600C980019A496 /* Debug */,
				F7F311A920600C980019A496 /* Release */,
			);
			defaultConfigurationIsVisible = 0;
			defaultConfigurationName = Release;
		};
		F7F311AA20600C980019A496 /* Build configuration list for PBXNativeTarget "secondAppTests" */ = {
			isa = XCConfigurationList;
			buildConfigurations = (
				F7F311AB20600C980019A496 /* Debug */,
				F7F311AC20600C980019A496 /* Release */,
			);
			defaultConfigurationIsVisible = 0;
			defaultConfigurationName = Release;
		};
/* End XCConfigurationList section */
	};
	rootObject = F7F3118220600C980019A496 /* Project object */;
}
